{
  "name": "audio-mixer",
  "version": "2.1.1",
  "lockfileVersion": 1,
  "requires": true,
  "dependencies": {
    "@types/node": {
      "version": "8.0.14",
      "resolved": "https://registry.npmjs.org/@types/node/-/node-8.0.14.tgz",
      "integrity": "sha512-lrtgE/5FeTdcuxgsDbLUIFJ33dTp4TkbKkTDZt/ueUMeqmGYqJRQd908q5Yj9EzzWSMonEhMr1q/CQlgVGEt4w==",
      "dev": true
    },
    "audio-cmd-stream": {
      "version": "1.0.3",
      "resolved": "https://registry.npmjs.org/audio-cmd-stream/-/audio-cmd-stream-1.0.3.tgz",
      "integrity": "sha512-qZah2xZ8rlam8D4Rbfi9JMHHHwtyrd+ggaUXY4UyudIOKevt7XX71AvKbDYlINWf1cNxTO7i8+qKzsCPzG5aXA==",
      "dev": true
    },
    "typescript": {
      "version": "2.4.2",
      "resolved": "https://registry.npmjs.org/typescript/-/typescript-2.4.2.tgz",
      "integrity": "sha1-+DlfhdRZJ2BnyYiqQYN6j4KHCEQ=",
      "dev": true
    },
    "underscore": {
      "version": "1.8.3",
      "resolved": "https://registry.npmjs.org/underscore/-/underscore-1.8.3.tgz",
      "integrity": "sha1-Tz+1OxBuYJf8+ctBCfKl6b36UCI="
    }
  }
}
